
Microsoft Visual Studio Solution File, Format Version 12.00
# Visual Studio Version 17
VisualStudioVersion = 17.2.32526.322
MinimumVisualStudioVersion = 10.0.40219.1
Project("{FAE04EC0-301F-11D3-BF4B-00C04F79EFBC}") = "CoffeeShop", "CoffeeShop\CoffeeShop.csproj", "{FAD8EBE2-3089-4678-8FDE-ABDB851AFF81}"
EndProject
Global
	GlobalSection(SolutionConfigurationPlatforms) = preSolution
		Debug|Any CPU = Debug|Any CPU
		Release|Any CPU = Release|Any CPU
	EndGlobalSection
	GlobalSection(ProjectConfigurationPlatforms) = postSolution
		{FAD8EBE2-3089-4678-8FDE-ABDB851AFF81}.Debug|Any CPU.ActiveCfg = Debug|Any CPU
		{FAD8EBE2-3089-4678-8FDE-ABDB851AFF81}.Debug|Any CPU.Build.0 = Debug|Any CPU
		{FAD8EBE2-3089-4678-8FDE-ABDB851AFF81}.Release|Any CPU.ActiveCfg = Release|Any CPU
		{FAD8EBE2-3089-4678-8FDE-ABDB851AFF81}.Release|Any CPU.Build.0 = Release|Any CPU
	EndGlobalSection
	GlobalSection(SolutionProperties) = preSolution
		HideSolutionNode = FALSE
	EndGlobalSection
	GlobalSection(ExtensibilityGlobals) = postSolution
		SolutionGuid = {95603C9D-B032-4997-B286-382DE64C196E}
	EndGlobalSection
EndGlobal
